
Microsoft Visual Studio Solution File, Format Version 12.00
# Visual Studio Version 17
VisualStudioVersion = 17.2.32602.215
MinimumVisualStudioVersion = 10.0.40219.1
Project("{FAE04EC0-301F-11D3-BF4B-00C04F79EFBC}") = "ApiCadastroClienteDesafio", "ApiCadastroClienteDesafio.csproj", "{0D60A28A-25A6-4ACE-BB4A-1E23FD857CE0}"
EndProject
Global
	GlobalSection(SolutionConfigurationPlatforms) = preSolution
		Debug|Any CPU = Debug|Any CPU
		Release|Any CPU = Release|Any CPU
	EndGlobalSection
	GlobalSection(ProjectConfigurationPlatforms) = postSolution
		{0D60A28A-25A6-4ACE-BB4A-1E23FD857CE0}.Debug|Any CPU.ActiveCfg = Debug|Any CPU
		{0D60A28A-25A6-4ACE-BB4A-1E23FD857CE0}.Debug|Any CPU.Build.0 = Debug|Any CPU
		{0D60A28A-25A6-4ACE-BB4A-1E23FD857CE0}.Release|Any CPU.ActiveCfg = Release|Any CPU
		{0D60A28A-25A6-4ACE-BB4A-1E23FD857CE0}.Release|Any CPU.Build.0 = Release|Any CPU
	EndGlobalSection
	GlobalSection(SolutionProperties) = preSolution
		HideSolutionNode = FALSE
	EndGlobalSection
	GlobalSection(ExtensibilityGlobals) = postSolution
		SolutionGuid = {5C4DEBAC-3FB4-4580-A8AC-018A1AE13878}
	EndGlobalSection
EndGlobal
